
Microsoft Visual Studio Solution File, Format Version 12.00
# Visual Studio Version 17
VisualStudioVersion = 17.0.32014.148
MinimumVisualStudioVersion = 10.0.40219.1
Project("{FAE04EC0-301F-11D3-BF4B-00C04F79EFBC}") = "Eliza", "Eliza\Eliza.csproj", "{7ACDD3CD-DA34-4ABA-9100-A88AC9B7A10B}"
EndProject
Global
	GlobalSection(SolutionConfigurationPlatforms) = preSolution
		Debug|Any CPU = Debug|Any CPU
		Release|Any CPU = Release|Any CPU
	EndGlobalSection
	GlobalSection(ProjectConfigurationPlatforms) = postSolution
		{7ACDD3CD-DA34-4ABA-9100-A88AC9B7A10B}.Debug|Any CPU.ActiveCfg = Debug|Any CPU
		{7ACDD3CD-DA34-4ABA-9100-A88AC9B7A10B}.Debug|Any CPU.Build.0 = Debug|Any CPU
		{7ACDD3CD-DA34-4ABA-9100-A88AC9B7A10B}.Release|Any CPU.ActiveCfg = Release|Any CPU
		{7ACDD3CD-DA34-4ABA-9100-A88AC9B7A10B}.Release|Any CPU.Build.0 = Release|Any CPU
	EndGlobalSection
	GlobalSection(SolutionProperties) = preSolution
		HideSolutionNode = FALSE
	EndGlobalSection
	GlobalSection(ExtensibilityGlobals) = postSolution
		SolutionGuid = {0BE4CCD5-4184-45B7-BA0C-34BA1115A134}
	EndGlobalSection
EndGlobal
