
Microsoft Visual Studio Solution File, Format Version 12.00
# Visual Studio Version 17
VisualStudioVersion = 17.0.32014.148
MinimumVisualStudioVersion = 10.0.40219.1
Project("{FAE04EC0-301F-11D3-BF4B-00C04F79EFBC}") = "ImmutableStrings", "ImmutableStrings\ImmutableStrings.csproj", "{D5578D4C-47DF-4F87-B8CD-A2C2EC3D4123}"
EndProject
Global
	GlobalSection(SolutionConfigurationPlatforms) = preSolution
		Debug|Any CPU = Debug|Any CPU
		Release|Any CPU = Release|Any CPU
	EndGlobalSection
	GlobalSection(ProjectConfigurationPlatforms) = postSolution
		{D5578D4C-47DF-4F87-B8CD-A2C2EC3D4123}.Debug|Any CPU.ActiveCfg = Debug|Any CPU
		{D5578D4C-47DF-4F87-B8CD-A2C2EC3D4123}.Debug|Any CPU.Build.0 = Debug|Any CPU
		{D5578D4C-47DF-4F87-B8CD-A2C2EC3D4123}.Release|Any CPU.ActiveCfg = Release|Any CPU
		{D5578D4C-47DF-4F87-B8CD-A2C2EC3D4123}.Release|Any CPU.Build.0 = Release|Any CPU
	EndGlobalSection
	GlobalSection(SolutionProperties) = preSolution
		HideSolutionNode = FALSE
	EndGlobalSection
	GlobalSection(ExtensibilityGlobals) = postSolution
		SolutionGuid = {1128EAAA-A2F1-4488-B117-708CE50DDD2B}
	EndGlobalSection
EndGlobal
