
Microsoft Visual Studio Solution File, Format Version 12.00
# Visual Studio Version 17
VisualStudioVersion = 17.0.32014.148
MinimumVisualStudioVersion = 10.0.40219.1
Project("{FAE04EC0-301F-11D3-BF4B-00C04F79EFBC}") = "HammerBitcoin", "HammerBitcoin\HammerBitcoin.csproj", "{D58581BF-FCF8-409D-BAFA-264D863B2F0C}"
EndProject
Global
	GlobalSection(SolutionConfigurationPlatforms) = preSolution
		Debug|Any CPU = Debug|Any CPU
		Release|Any CPU = Release|Any CPU
	EndGlobalSection
	GlobalSection(ProjectConfigurationPlatforms) = postSolution
		{D58581BF-FCF8-409D-BAFA-264D863B2F0C}.Debug|Any CPU.ActiveCfg = Debug|Any CPU
		{D58581BF-FCF8-409D-BAFA-264D863B2F0C}.Debug|Any CPU.Build.0 = Debug|Any CPU
		{D58581BF-FCF8-409D-BAFA-264D863B2F0C}.Release|Any CPU.ActiveCfg = Release|Any CPU
		{D58581BF-FCF8-409D-BAFA-264D863B2F0C}.Release|Any CPU.Build.0 = Release|Any CPU
	EndGlobalSection
	GlobalSection(SolutionProperties) = preSolution
		HideSolutionNode = FALSE
	EndGlobalSection
	GlobalSection(ExtensibilityGlobals) = postSolution
		SolutionGuid = {A057BDFA-4945-40C3-8B0F-FF130A33DE13}
	EndGlobalSection
EndGlobal
